DEPENDENCIES
  aws-parallelcluster-computefleet
    path: ../aws-parallelcluster-computefleet
  aws-parallelcluster-environment
    path: ../aws-parallelcluster-environment
  aws-parallelcluster-platform
    path: ../aws-parallelcluster-platform
  aws-parallelcluster-shared
    path: ../aws-parallelcluster-shared
  aws-parallelcluster-slurm
    path: .
    metadata: true
  iptables
    path: ../third-party/iptables-8.0.0
  line
    path: ../third-party/line-4.5.21
  nfs
    path: ../third-party/nfs-5.1.5
  openssh
    path: ../third-party/openssh-2.11.14
  yum
    path: ../third-party/yum-7.4.20
  yum-epel
    path: ../third-party/yum-epel-5.0.8

GRAPH
  aws-parallelcluster-computefleet (3.13.0)
    aws-parallelcluster-shared (~> 3.13.0)
  aws-parallelcluster-environment (3.13.0)
    aws-parallelcluster-shared (~> 3.13.0)
    line (~> 4.5.21)
    nfs (~> 5.1.5)
  aws-parallelcluster-platform (3.13.0)
    aws-parallelcluster-shared (~> 3.13.0)
    line (~> 4.5.21)
  aws-parallelcluster-shared (3.13.0)
    yum (~> 7.4.20)
    yum-epel (~> 5.0.8)
  aws-parallelcluster-slurm (3.13.0)
    aws-parallelcluster-computefleet (~> 3.13.0)
    aws-parallelcluster-environment (~> 3.13.0)
    aws-parallelcluster-platform (~> 3.13.0)
    aws-parallelcluster-shared (~> 3.13.0)
    iptables (~> 8.0.0)
    line (~> 4.5.21)
    nfs (~> 5.1.5)
    openssh (~> 2.11.14)
    yum (~> 7.4.20)
    yum-epel (~> 5.0.8)
  iptables (8.0.0)
  line (4.5.21)
  nfs (5.1.5)
    line (>= 0.0.0)
  openssh (2.11.14)
    iptables (>= 7.0)
  yum (7.4.20)
  yum-epel (5.0.8)
