DEPENDENCIES
  aws-parallelcluster-environment
    path: .
    metadata: true
  aws-parallelcluster-shared
    path: ../aws-parallelcluster-shared
  line
    path: ../third-party/line-4.5.21
  nfs
    path: ../third-party/nfs-5.1.5
  yum
    path: ../third-party/yum-7.4.20
  yum-epel
    path: ../third-party/yum-epel-5.0.8

GRAPH
  aws-parallelcluster-environment (3.13.0)
    aws-parallelcluster-shared (~> 3.13.0)
    line (~> 4.5.21)
    nfs (~> 5.1.5)
  aws-parallelcluster-shared (3.13.0)
    yum (~> 7.4.20)
    yum-epel (~> 5.0.8)
  line (4.5.21)
  nfs (5.1.5)
    line (>= 0.0.0)
  yum (7.4.20)
  yum-epel (5.0.8)
